
Microsoft Visual Studio Solution File, Format Version 12.00
# Visual Studio Version 16
VisualStudioVersion = 16.0.30804.86
MinimumVisualStudioVersion = 10.0.40219.1
Project("{9A19103F-16F7-4668-BE54-9A1E7A4F7556}") = "KampIntro", "KampIntro\KampIntro.csproj", "{B97E3893-4BF6-4E77-932A-392767F089DF}"
EndProject
Project("{9A19103F-16F7-4668-BE54-9A1E7A4F7556}") = "Donguler", "Donguler\Donguler.csproj", "{89CB742E-D21A-4A7A-BEEC-374209677E2E}"
EndProject
Project("{9A19103F-16F7-4668-BE54-9A1E7A4F7556}") = "ClassIntro", "ClassIntro\ClassIntro.csproj", "{8C5B5CA9-F3F7-40C2-9595-B4667ED7095A}"
EndProject
Project("{9A19103F-16F7-4668-BE54-9A1E7A4F7556}") = "Metotlar", "Metotlar\Metotlar.csproj", "{49775AD9-4ED8-4E42-988C-4AB0E45AC33C}"
EndProject
Project("{9A19103F-16F7-4668-BE54-9A1E7A4F7556}") = "Matematik", "Matematik\Matematik.csproj", "{CAA0E895-0F50-498C-BCE0-0790EBDCFDC2}"
EndProject
Project("{9A19103F-16F7-4668-BE54-9A1E7A4F7556}") = "DegerVeReferansTipler", "DegerVeReferansTipler\DegerVeReferansTipler.csproj", "{E4C02298-E685-4357-80FE-5557290FA6A4}"
EndProject
Project("{9A19103F-16F7-4668-BE54-9A1E7A4F7556}") = "OOP1", "OOP1\OOP1.csproj", "{1673F406-CD15-4C72-8CF9-C02D0F6720DB}"
EndProject
Project("{9A19103F-16F7-4668-BE54-9A1E7A4F7556}") = "Collections", "Collections\Collections.csproj", "{B32205BD-6837-4FB0-A91A-66E092A918DB}"
EndProject
Project("{9A19103F-16F7-4668-BE54-9A1E7A4F7556}") = "GenericsIntro", "GenericsIntro\GenericsIntro.csproj", "{F97F624C-49FA-415E-AE8F-45B323D28A9A}"
EndProject
Project("{FAE04EC0-301F-11D3-BF4B-00C04F79EFBC}") = "ClassMetotDemo", "ClassMetotDemo\ClassMetotDemo.csproj", "{6A707988-947B-414F-BC67-FAB52870AAC1}"
EndProject
Global
	GlobalSection(SolutionConfigurationPlatforms) = preSolution
		Debug|Any CPU = Debug|Any CPU
		Release|Any CPU = Release|Any CPU
	EndGlobalSection
	GlobalSection(ProjectConfigurationPlatforms) = postSolution
		{B97E3893-4BF6-4E77-932A-392767F089DF}.Debug|Any CPU.ActiveCfg = Debug|Any CPU
		{B97E3893-4BF6-4E77-932A-392767F089DF}.Debug|Any CPU.Build.0 = Debug|Any CPU
		{B97E3893-4BF6-4E77-932A-392767F089DF}.Release|Any CPU.ActiveCfg = Release|Any CPU
		{B97E3893-4BF6-4E77-932A-392767F089DF}.Release|Any CPU.Build.0 = Release|Any CPU
		{89CB742E-D21A-4A7A-BEEC-374209677E2E}.Debug|Any CPU.ActiveCfg = Debug|Any CPU
		{89CB742E-D21A-4A7A-BEEC-374209677E2E}.Debug|Any CPU.Build.0 = Debug|Any CPU
		{89CB742E-D21A-4A7A-BEEC-374209677E2E}.Release|Any CPU.ActiveCfg = Release|Any CPU
		{89CB742E-D21A-4A7A-BEEC-374209677E2E}.Release|Any CPU.Build.0 = Release|Any CPU
		{8C5B5CA9-F3F7-40C2-9595-B4667ED7095A}.Debug|Any CPU.ActiveCfg = Debug|Any CPU
		{8C5B5CA9-F3F7-40C2-9595-B4667ED7095A}.Debug|Any CPU.Build.0 = Debug|Any CPU
		{8C5B5CA9-F3F7-40C2-9595-B4667ED7095A}.Release|Any CPU.ActiveCfg = Release|Any CPU
		{8C5B5CA9-F3F7-40C2-9595-B4667ED7095A}.Release|Any CPU.Build.0 = Release|Any CPU
		{49775AD9-4ED8-4E42-988C-4AB0E45AC33C}.Debug|Any CPU.ActiveCfg = Debug|Any CPU
		{49775AD9-4ED8-4E42-988C-4AB0E45AC33C}.Debug|Any CPU.Build.0 = Debug|Any CPU
		{49775AD9-4ED8-4E42-988C-4AB0E45AC33C}.Release|Any CPU.ActiveCfg = Release|Any CPU
		{49775AD9-4ED8-4E42-988C-4AB0E45AC33C}.Release|Any CPU.Build.0 = Release|Any CPU
		{CAA0E895-0F50-498C-BCE0-0790EBDCFDC2}.Debug|Any CPU.ActiveCfg = Debug|Any CPU
		{CAA0E895-0F50-498C-BCE0-0790EBDCFDC2}.Debug|Any CPU.Build.0 = Debug|Any CPU
		{CAA0E895-0F50-498C-BCE0-0790EBDCFDC2}.Release|Any CPU.ActiveCfg = Release|Any CPU
		{CAA0E895-0F50-498C-BCE0-0790EBDCFDC2}.Release|Any CPU.Build.0 = Release|Any CPU
		{E4C02298-E685-4357-80FE-5557290FA6A4}.Debug|Any CPU.ActiveCfg = Debug|Any CPU
		{E4C02298-E685-4357-80FE-5557290FA6A4}.Debug|Any CPU.Build.0 = Debug|Any CPU
		{E4C02298-E685-4357-80FE-5557290FA6A4}.Release|Any CPU.ActiveCfg = Release|Any CPU
		{E4C02298-E685-4357-80FE-5557290FA6A4}.Release|Any CPU.Build.0 = Release|Any CPU
		{1673F406-CD15-4C72-8CF9-C02D0F6720DB}.Debug|Any CPU.ActiveCfg = Debug|Any CPU
		{1673F406-CD15-4C72-8CF9-C02D0F6720DB}.Debug|Any CPU.Build.0 = Debug|Any CPU
		{1673F406-CD15-4C72-8CF9-C02D0F6720DB}.Release|Any CPU.ActiveCfg = Release|Any CPU
		{1673F406-CD15-4C72-8CF9-C02D0F6720DB}.Release|Any CPU.Build.0 = Release|Any CPU
		{B32205BD-6837-4FB0-A91A-66E092A918DB}.Debug|Any CPU.ActiveCfg = Debug|Any CPU
		{B32205BD-6837-4FB0-A91A-66E092A918DB}.Debug|Any CPU.Build.0 = Debug|Any CPU
		{B32205BD-6837-4FB0-A91A-66E092A918DB}.Release|Any CPU.ActiveCfg = Release|Any CPU
		{B32205BD-6837-4FB0-A91A-66E092A918DB}.Release|Any CPU.Build.0 = Release|Any CPU
		{F97F624C-49FA-415E-AE8F-45B323D28A9A}.Debug|Any CPU.ActiveCfg = Debug|Any CPU
		{F97F624C-49FA-415E-AE8F-45B323D28A9A}.Debug|Any CPU.Build.0 = Debug|Any CPU
		{F97F624C-49FA-415E-AE8F-45B323D28A9A}.Release|Any CPU.ActiveCfg = Release|Any CPU
		{F97F624C-49FA-415E-AE8F-45B323D28A9A}.Release|Any CPU.Build.0 = Release|Any CPU
		{6A707988-947B-414F-BC67-FAB52870AAC1}.Debug|Any CPU.ActiveCfg = Debug|Any CPU
		{6A707988-947B-414F-BC67-FAB52870AAC1}.Debug|Any CPU.Build.0 = Debug|Any CPU
		{6A707988-947B-414F-BC67-FAB52870AAC1}.Release|Any CPU.ActiveCfg = Release|Any CPU
		{6A707988-947B-414F-BC67-FAB52870AAC1}.Release|Any CPU.Build.0 = Release|Any CPU
	EndGlobalSection
	GlobalSection(SolutionProperties) = preSolution
		HideSolutionNode = FALSE
	EndGlobalSection
	GlobalSection(ExtensibilityGlobals) = postSolution
		SolutionGuid = {8EC91C4B-2938-4F6C-9C7E-4C7B9ACA192D}
	EndGlobalSection
EndGlobal
